
Microsoft Visual Studio Solution File, Format Version 12.00
# Visual Studio Version 17
VisualStudioVersion = 17.2.32519.379
MinimumVisualStudioVersion = 10.0.40219.1
Project("{FAE04EC0-301F-11D3-BF4B-00C04F79EFBC}") = "desafio_stefanini", "desafio_stefanini\desafio_stefanini.csproj", "{38E8B230-E5B6-4539-8298-CFBB1E85DEA2}"
EndProject
Global
	GlobalSection(SolutionConfigurationPlatforms) = preSolution
		Debug|Any CPU = Debug|Any CPU
		Release|Any CPU = Release|Any CPU
	EndGlobalSection
	GlobalSection(ProjectConfigurationPlatforms) = postSolution
		{38E8B230-E5B6-4539-8298-CFBB1E85DEA2}.Debug|Any CPU.ActiveCfg = Debug|Any CPU
		{38E8B230-E5B6-4539-8298-CFBB1E85DEA2}.Debug|Any CPU.Build.0 = Debug|Any CPU
		{38E8B230-E5B6-4539-8298-CFBB1E85DEA2}.Release|Any CPU.ActiveCfg = Release|Any CPU
		{38E8B230-E5B6-4539-8298-CFBB1E85DEA2}.Release|Any CPU.Build.0 = Release|Any CPU
	EndGlobalSection
	GlobalSection(SolutionProperties) = preSolution
		HideSolutionNode = FALSE
	EndGlobalSection
	GlobalSection(ExtensibilityGlobals) = postSolution
		SolutionGuid = {90A24391-9212-4051-8BC2-3D54C058B334}
	EndGlobalSection
EndGlobal
